// !$*UTF8*$!
{
	archiveVersion = 1;
	classes = {
	};
	objectVersion = 46;
	objects = {

/* Begin PBXBuildFile section */
		0179788FB3BA1D38BAE4699C /* Pods_TapList.framework in Frameworks */ = {isa = PBXBuildFile; fileRef = 0C5F33273CB491CF4DC53C22 /* Pods_TapList.framework */; };
		560C6D938DE35F80F45BA62F /* Pods_TapListUITests.framework in Frameworks */ = {isa = PBXBuildFile; fileRef = 295FB93A7D29E3B071373E6D /* Pods_TapListUITests.framework */; };
		6440992F62F6D32BD3B9F86A /* Pods_TapListTests.framework in Frameworks */ = {isa = PBXBuildFile; fileRef = 055DA8AA1ED84220608AAE52 /* Pods_TapListTests.framework */; };
		921094141DF626E800333464 /* SalePriceViewController.swift in Sources */ = {isa = PBXBuildFile; fileRef = 921094131DF626E800333464 /* SalePriceViewController.swift */; };
		921094161DF7938C00333464 /* Offer.swift in Sources */ = {isa = PBXBuildFile; fileRef = 921094151DF7938C00333464 /* Offer.swift */; };
		921094401DF8804300333464 /* TestViewController.swift in Sources */ = {isa = PBXBuildFile; fileRef = 9210943F1DF8804300333464 /* TestViewController.swift */; };
		922053891DFCAF09000FC993 /* Cart.swift in Sources */ = {isa = PBXBuildFile; fileRef = 922053881DFCAF09000FC993 /* Cart.swift */; };
		9220538B1DFF26AE000FC993 /* QuantityTableViewCell.swift in Sources */ = {isa = PBXBuildFile; fileRef = 9220538A1DFF26AE000FC993 /* QuantityTableViewCell.swift */; };
		9220538D1DFF2F1A000FC993 /* QuantityTableViewController.swift in Sources */ = {isa = PBXBuildFile; fileRef = 9220538C1DFF2F1A000FC993 /* QuantityTableViewController.swift */; };
		9220538F1DFF3BE0000FC993 /* Constants.swift in Sources */ = {isa = PBXBuildFile; fileRef = 9220538E1DFF3BE0000FC993 /* Constants.swift */; };
		922A07721E11BE61002EEFCC /* RoundedButtonTests.swift in Sources */ = {isa = PBXBuildFile; fileRef = 922A07711E11BE61002EEFCC /* RoundedButtonTests.swift */; };
		922A07751E11C444002EEFCC /* PlaceholderTextViewTests.swift in Sources */ = {isa = PBXBuildFile; fileRef = 922A07741E11C444002EEFCC /* PlaceholderTextViewTests.swift */; };
		922A07771E1305AE002EEFCC /* Extensions.swift in Sources */ = {isa = PBXBuildFile; fileRef = 922A07761E1305AE002EEFCC /* Extensions.swift */; };
		922A07791E1437D2002EEFCC /* ProductViewTests.swift in Sources */ = {isa = PBXBuildFile; fileRef = 922A07781E1437D2002EEFCC /* ProductViewTests.swift */; };
		922A077D1E146B29002EEFCC /* QuantityTextFieldTests.swift in Sources */ = {isa = PBXBuildFile; fileRef = 922A077C1E146B29002EEFCC /* QuantityTextFieldTests.swift */; };
		922A077F1E147A4A002EEFCC /* QuantityTextFieldDelegateTests.swift in Sources */ = {isa = PBXBuildFile; fileRef = 922A077E1E147A4A002EEFCC /* QuantityTextFieldDelegateTests.swift */; };
		922A07831E148455002EEFCC /* QuantityEntryViewTests.swift in Sources */ = {isa = PBXBuildFile; fileRef = 922A07821E148455002EEFCC /* QuantityEntryViewTests.swift */; };
		922F2E691DF5E9DA00B7FAF6 /* CartItem.swift in Sources */ = {isa = PBXBuildFile; fileRef = 922F2E681DF5E9DA00B7FAF6 /* CartItem.swift */; };
		9241E5571E0239AF00CB81C7 /* KeyboardHandler.swift in Sources */ = {isa = PBXBuildFile; fileRef = 9241E5561E0239AF00CB81C7 /* KeyboardHandler.swift */; };
		925F34DA1E085611003B680E /* QuantityEntryView.swift in Sources */ = {isa = PBXBuildFile; fileRef = 925F34D91E085611003B680E /* QuantityEntryView.swift */; };
		926D89CC1DFA14A300C0E26C /* GoogleService-Info.plist in Resources */ = {isa = PBXBuildFile; fileRef = 926D89CB1DFA14A300C0E26C /* GoogleService-Info.plist */; };
		926D89CD1DFA14A300C0E26C /* GoogleService-Info.plist in Resources */ = {isa = PBXBuildFile; fileRef = 926D89CB1DFA14A300C0E26C /* GoogleService-Info.plist */; };
		926D89CE1DFA14A300C0E26C /* GoogleService-Info.plist in Resources */ = {isa = PBXBuildFile; fileRef = 926D89CB1DFA14A300C0E26C /* GoogleService-Info.plist */; };
		926D89D01DFA24E500C0E26C /* DataService.swift in Sources */ = {isa = PBXBuildFile; fileRef = 926D89CF1DFA24E500C0E26C /* DataService.swift */; };
		926D89D21DFA50E800C0E26C /* PlaceholderTextView.swift in Sources */ = {isa = PBXBuildFile; fileRef = 926D89D11DFA50E800C0E26C /* PlaceholderTextView.swift */; };
		926E25B01E032C7800BD48E6 /* QuantityTextField.swift in Sources */ = {isa = PBXBuildFile; fileRef = 926E25AF1E032C7800BD48E6 /* QuantityTextField.swift */; };
		929043061DF4C8DF005AF5BF /* RoundedButton.swift in Sources */ = {isa = PBXBuildFile; fileRef = 929043051DF4C8DF005AF5BF /* RoundedButton.swift */; };
		92A549131E14A0B800C5E6B3 /* ImageCollectionViewCellTests.swift in Sources */ = {isa = PBXBuildFile; fileRef = 92A549121E14A0B800C5E6B3 /* ImageCollectionViewCellTests.swift */; };
		92A549151E14A26A00C5E6B3 /* OrderSummaryTableViewCellTests.swift in Sources */ = {isa = PBXBuildFile; fileRef = 92A549141E14A26A00C5E6B3 /* OrderSummaryTableViewCellTests.swift */; };
		92A549171E14AE0400C5E6B3 /* QuantityTableViewCellTests.swift in Sources */ = {isa = PBXBuildFile; fileRef = 92A549161E14AE0400C5E6B3 /* QuantityTableViewCellTests.swift */; };
		92A549191E14AFEB00C5E6B3 /* CartItemTableViewCellTests.swift in Sources */ = {isa = PBXBuildFile; fileRef = 92A549181E14AFEB00C5E6B3 /* CartItemTableViewCellTests.swift */; };
		92A5491B1E14B24400C5E6B3 /* MockImageService.swift in Sources */ = {isa = PBXBuildFile; fileRef = 92A5491A1E14B24400C5E6B3 /* MockImageService.swift */; };
		92A5491E1E14C5A600C5E6B3 /* QuantityTableViewControllerTests.swift in Sources */ = {isa = PBXBuildFile; fileRef = 92A5491D1E14C5A600C5E6B3 /* QuantityTableViewControllerTests.swift */; };
		92A549201E14C8E000C5E6B3 /* ViewControllerTests.swift in Sources */ = {isa = PBXBuildFile; fileRef = 92A5491F1E14C8E000C5E6B3 /* ViewControllerTests.swift */; };
		92B5B89C1E045EF1002A1BFB /* ManageCartTableViewController.swift in Sources */ = {isa = PBXBuildFile; fileRef = 92B5B89B1E045EF1002A1BFB /* ManageCartTableViewController.swift */; };
		92B5B89E1E045F09002A1BFB /* CartItemTableViewCell.swift in Sources */ = {isa = PBXBuildFile; fileRef = 92B5B89D1E045F09002A1BFB /* CartItemTableViewCell.swift */; };
		92B5B8A01E04B1E7002A1BFB /* OrderSummaryTableViewCell.swift in Sources */ = {isa = PBXBuildFile; fileRef = 92B5B89F1E04B1E7002A1BFB /* OrderSummaryTableViewCell.swift */; };
		92B5B8A21E04D728002A1BFB /* ProductImageCollectionViewController.swift in Sources */ = {isa = PBXBuildFile; fileRef = 92B5B8A11E04D728002A1BFB /* ProductImageCollectionViewController.swift */; };
		92C2C9F81DFB263900FA8E3D /* ProductDetailViewController.swift in Sources */ = {isa = PBXBuildFile; fileRef = 92C2C9F71DFB263900FA8E3D /* ProductDetailViewController.swift */; };
		92C2C9FA1DFB2A5400FA8E3D /* ImageCollectionViewCell.swift in Sources */ = {isa = PBXBuildFile; fileRef = 92C2C9F91DFB2A5400FA8E3D /* ImageCollectionViewCell.swift */; };
		92C2C9FD1DFB868600FA8E3D /* ProductView.swift in Sources */ = {isa = PBXBuildFile; fileRef = 92C2C9FC1DFB868600FA8E3D /* ProductView.swift */; };
		92E0ADD51DF468EF00D26606 /* AppDelegate.swift in Sources */ = {isa = PBXBuildFile; fileRef = 92E0ADD41DF468EF00D26606 /* AppDelegate.swift */; };
		92E0ADD71DF468EF00D26606 /* ViewController.swift in Sources */ = {isa = PBXBuildFile; fileRef = 92E0ADD61DF468EF00D26606 /* ViewController.swift */; };
		92E0ADDA1DF468EF00D26606 /* Main.storyboard in Resources */ = {isa = PBXBuildFile; fileRef = 92E0ADD81DF468EF00D26606 /* Main.storyboard */; };
		92E0ADDD1DF468EF00D26606 /* TapList.xcdatamodeld in Sources */ = {isa = PBXBuildFile; fileRef = 92E0ADDB1DF468EF00D26606 /* TapList.xcdatamodeld */; };
		92E0ADDF1DF468EF00D26606 /* Assets.xcassets in Resources */ = {isa = PBXBuildFile; fileRef = 92E0ADDE1DF468EF00D26606 /* Assets.xcassets */; };
		92E0ADE21DF468EF00D26606 /* LaunchScreen.storyboard in Resources */ = {isa = PBXBuildFile; fileRef = 92E0ADE01DF468EF00D26606 /* LaunchScreen.storyboard */; };
		92E0ADF81DF468F000D26606 /* TapListUITests.swift in Sources */ = {isa = PBXBuildFile; fileRef = 92E0ADF71DF468F000D26606 /* TapListUITests.swift */; };
		92E0AE071DF480BB00D26606 /* ProductCollectionViewCell.swift in Sources */ = {isa = PBXBuildFile; fileRef = 92E0AE051DF480BB00D26606 /* ProductCollectionViewCell.swift */; };
		92E0AE0C1DF488CB00D26606 /* Product.swift in Sources */ = {isa = PBXBuildFile; fileRef = 92E0AE0B1DF488CB00D26606 /* Product.swift */; };
		92E0AE0F1DF4898100D26606 /* ImageService.swift in Sources */ = {isa = PBXBuildFile; fileRef = 92E0AE0E1DF4898100D26606 /* ImageService.swift */; };
		92FD73041E0CC8430025962A /* CartItemTests.swift in Sources */ = {isa = PBXBuildFile; fileRef = 92FD73031E0CC8430025962A /* CartItemTests.swift */; };
		92FD73061E0DDFE30025962A /* TestUtils.swift in Sources */ = {isa = PBXBuildFile; fileRef = 92FD73051E0DDFE30025962A /* TestUtils.swift */; };
		92FD730A1E0E50950025962A /* MockDataService.swift in Sources */ = {isa = PBXBuildFile; fileRef = 92FD73091E0E50950025962A /* MockDataService.swift */; };
		92FD730C1E0E52460025962A /* CartTests.swift in Sources */ = {isa = PBXBuildFile; fileRef = 92FD730B1E0E52460025962A /* CartTests.swift */; };
		92FD73111E0E77CB0025962A /* OfferTests.swift in Sources */ = {isa = PBXBuildFile; fileRef = 92FD73101E0E77CB0025962A /* OfferTests.swift */; };
		92FD73131E0E77DF0025962A /* ProductTests.swift in Sources */ = {isa = PBXBuildFile; fileRef = 92FD73121E0E77DF0025962A /* ProductTests.swift */; };
/* End PBXBuildFile section */

/* Begin PBXContainerItemProxy section */
		92E0ADE91DF468F000D26606 /* PBXContainerItemProxy */ = {
			isa = PBXContainerItemProxy;
			containerPortal = 92E0ADC91DF468EF00D26606 /* Project object */;
			proxyType = 1;
			remoteGlobalIDString = 92E0ADD01DF468EF00D26606;
			remoteInfo = TapList;
		};
		92E0ADF41DF468F000D26606 /* PBXContainerItemProxy */ = {
			isa = PBXContainerItemProxy;
			containerPortal = 92E0ADC91DF468EF00D26606 /* Project object */;
			proxyType = 1;
			remoteGlobalIDString = 92E0ADD01DF468EF00D26606;
			remoteInfo = TapList;
		};
/* End PBXContainerItemProxy section */

/* Begin PBXFileReference section */
		009AEB50A87E141BABD497A9 /* Pods-TapListUITests.debug.xcconfig */ = {isa = PBXFileReference; includeInIndex = 1; lastKnownFileType = text.xcconfig; name = "Pods-TapListUITests.debug.xcconfig"; path = "Pods/Target Support Files/Pods-TapListUITests/Pods-TapListUITests.debug.xcconfig"; sourceTree = "<group>"; };
		055DA8AA1ED84220608AAE52 /* Pods_TapListTests.framework */ = {isa = PBXFileReference; explicitFileType = wrapper.framework; includeInIndex = 0; path = Pods_TapListTests.framework; sourceTree = BUILT_PRODUCTS_DIR; };
		0C5F33273CB491CF4DC53C22 /* Pods_TapList.framework */ = {isa = PBXFileReference; explicitFileType = wrapper.framework; includeInIndex = 0; path = Pods_TapList.framework; sourceTree = BUILT_PRODUCTS_DIR; };
		0D9ACC8B9248AF26C951A764 /* Pods-TapList.debug.xcconfig */ = {isa = PBXFileReference; includeInIndex = 1; lastKnownFileType = text.xcconfig; name = "Pods-TapList.debug.xcconfig"; path = "Pods/Target Support Files/Pods-TapList/Pods-TapList.debug.xcconfig"; sourceTree = "<group>"; };
		295FB93A7D29E3B071373E6D /* Pods_TapListUITests.framework */ = {isa = PBXFileReference; explicitFileType = wrapper.framework; includeInIndex = 0; path = Pods_TapListUITests.framework; sourceTree = BUILT_PRODUCTS_DIR; };
		31F2E13C595E311FFE28B9A3 /* Pods-TapListTests.release.xcconfig */ = {isa = PBXFileReference; includeInIndex = 1; lastKnownFileType = text.xcconfig; name = "Pods-TapListTests.release.xcconfig"; path = "Pods/Target Support Files/Pods-TapListTests/Pods-TapListTests.release.xcconfig"; sourceTree = "<group>"; };
		875A1743AE33696E27B2D702 /* Pods-TapListUITests.release.xcconfig */ = {isa = PBXFileReference; includeInIndex = 1; lastKnownFileType = text.xcconfig; name = "Pods-TapListUITests.release.xcconfig"; path = "Pods/Target Support Files/Pods-TapListUITests/Pods-TapListUITests.release.xcconfig"; sourceTree = "<group>"; };
		921094131DF626E800333464 /* SalePriceViewController.swift */ = {isa = PBXFileReference; fileEncoding = 4; lastKnownFileType = sourcecode.swift; path = SalePriceViewController.swift; sourceTree = "<group>"; };
		921094151DF7938C00333464 /* Offer.swift */ = {isa = PBXFileReference; fileEncoding = 4; lastKnownFileType = sourcecode.swift; path = Offer.swift; sourceTree = "<group>"; };
		9210943F1DF8804300333464 /* TestViewController.swift */ = {isa = PBXFileReference; fileEncoding = 4; lastKnownFileType = sourcecode.swift; path = TestViewController.swift; sourceTree = "<group>"; };
		922053881DFCAF09000FC993 /* Cart.swift */ = {isa = PBXFileReference; fileEncoding = 4; lastKnownFileType = sourcecode.swift; path = Cart.swift; sourceTree = "<group>"; };
		9220538A1DFF26AE000FC993 /* QuantityTableViewCell.swift */ = {isa = PBXFileReference; fileEncoding = 4; lastKnownFileType = sourcecode.swift; path = QuantityTableViewCell.swift; sourceTree = "<group>"; };
		9220538C1DFF2F1A000FC993 /* QuantityTableViewController.swift */ = {isa = PBXFileReference; fileEncoding = 4; lastKnownFileType = sourcecode.swift; path = QuantityTableViewController.swift; sourceTree = "<group>"; };
		9220538E1DFF3BE0000FC993 /* Constants.swift */ = {isa = PBXFileReference; fileEncoding = 4; lastKnownFileType = sourcecode.swift; path = Constants.swift; sourceTree = "<group>"; };
		922A07711E11BE61002EEFCC /* RoundedButtonTests.swift */ = {isa = PBXFileReference; fileEncoding = 4; lastKnownFileType = sourcecode.swift; path = RoundedButtonTests.swift; sourceTree = "<group>"; };
		922A07741E11C444002EEFCC /* PlaceholderTextViewTests.swift */ = {isa = PBXFileReference; fileEncoding = 4; lastKnownFileType = sourcecode.swift; path = PlaceholderTextViewTests.swift; sourceTree = "<group>"; };
		922A07761E1305AE002EEFCC /* Extensions.swift */ = {isa = PBXFileReference; fileEncoding = 4; lastKnownFileType = sourcecode.swift; path = Extensions.swift; sourceTree = "<group>"; };
		922A07781E1437D2002EEFCC /* ProductViewTests.swift */ = {isa = PBXFileReference; fileEncoding = 4; lastKnownFileType = sourcecode.swift; path = ProductViewTests.swift; sourceTree = "<group>"; };
		922A077C1E146B29002EEFCC /* QuantityTextFieldTests.swift */ = {isa = PBXFileReference; fileEncoding = 4; lastKnownFileType = sourcecode.swift; path = QuantityTextFieldTests.swift; sourceTree = "<group>"; };
		922A077E1E147A4A002EEFCC /* QuantityTextFieldDelegateTests.swift */ = {isa = PBXFileReference; fileEncoding = 4; lastKnownFileType = sourcecode.swift; path = QuantityTextFieldDelegateTests.swift; sourceTree = "<group>"; };
		922A07821E148455002EEFCC /* QuantityEntryViewTests.swift */ = {isa = PBXFileReference; fileEncoding = 4; lastKnownFileType = sourcecode.swift; path = QuantityEntryViewTests.swift; sourceTree = "<group>"; };
		922F2E681DF5E9DA00B7FAF6 /* CartItem.swift */ = {isa = PBXFileReference; fileEncoding = 4; lastKnownFileType = sourcecode.swift; path = CartItem.swift; sourceTree = "<group>"; };
		9241E5561E0239AF00CB81C7 /* KeyboardHandler.swift */ = {isa = PBXFileReference; fileEncoding = 4; lastKnownFileType = sourcecode.swift; path = KeyboardHandler.swift; sourceTree = "<group>"; };
		925F34D91E085611003B680E /* QuantityEntryView.swift */ = {isa = PBXFileReference; fileEncoding = 4; lastKnownFileType = sourcecode.swift; path = QuantityEntryView.swift; sourceTree = "<group>"; };
		926D89CB1DFA14A300C0E26C /* GoogleService-Info.plist */ = {isa = PBXFileReference; fileEncoding = 4; lastKnownFileType = text.plist.xml; path = "GoogleService-Info.plist"; sourceTree = "<group>"; };
		926D89CF1DFA24E500C0E26C /* DataService.swift */ = {isa = PBXFileReference; fileEncoding = 4; lastKnownFileType = sourcecode.swift; path = DataService.swift; sourceTree = "<group>"; };
		926D89D11DFA50E800C0E26C /* PlaceholderTextView.swift */ = {isa = PBXFileReference; fileEncoding = 4; lastKnownFileType = sourcecode.swift; path = PlaceholderTextView.swift; sourceTree = "<group>"; };
		926E25AF1E032C7800BD48E6 /* QuantityTextField.swift */ = {isa = PBXFileReference; fileEncoding = 4; lastKnownFileType = sourcecode.swift; path = QuantityTextField.swift; sourceTree = "<group>"; };
		929043051DF4C8DF005AF5BF /* RoundedButton.swift */ = {isa = PBXFileReference; fileEncoding = 4; lastKnownFileType = sourcecode.swift; path = RoundedButton.swift; sourceTree = "<group>"; };
		92A549121E14A0B800C5E6B3 /* ImageCollectionViewCellTests.swift */ = {isa = PBXFileReference; fileEncoding = 4; lastKnownFileType = sourcecode.swift; path = ImageCollectionViewCellTests.swift; sourceTree = "<group>"; };
		92A549141E14A26A00C5E6B3 /* OrderSummaryTableViewCellTests.swift */ = {isa = PBXFileReference; fileEncoding = 4; lastKnownFileType = sourcecode.swift; path = OrderSummaryTableViewCellTests.swift; sourceTree = "<group>"; };
		92A549161E14AE0400C5E6B3 /* QuantityTableViewCellTests.swift */ = {isa = PBXFileReference; fileEncoding = 4; lastKnownFileType = sourcecode.swift; path = QuantityTableViewCellTests.swift; sourceTree = "<group>"; };
		92A549181E14AFEB00C5E6B3 /* CartItemTableViewCellTests.swift */ = {isa = PBXFileReference; fileEncoding = 4; lastKnownFileType = sourcecode.swift; path = CartItemTableViewCellTests.swift; sourceTree = "<group>"; };
		92A5491A1E14B24400C5E6B3 /* MockImageService.swift */ = {isa = PBXFileReference; fileEncoding = 4; lastKnownFileType = sourcecode.swift; path = MockImageService.swift; sourceTree = "<group>"; };
		92A5491D1E14C5A600C5E6B3 /* QuantityTableViewControllerTests.swift */ = {isa = PBXFileReference; fileEncoding = 4; lastKnownFileType = sourcecode.swift; path = QuantityTableViewControllerTests.swift; sourceTree = "<group>"; };
		92A5491F1E14C8E000C5E6B3 /* ViewControllerTests.swift */ = {isa = PBXFileReference; fileEncoding = 4; lastKnownFileType = sourcecode.swift; path = ViewControllerTests.swift; sourceTree = "<group>"; };
		92B5B89B1E045EF1002A1BFB /* ManageCartTableViewController.swift */ = {isa = PBXFileReference; fileEncoding = 4; lastKnownFileType = sourcecode.swift; path = ManageCartTableViewController.swift; sourceTree = "<group>"; };
		92B5B89D1E045F09002A1BFB /* CartItemTableViewCell.swift */ = {isa = PBXFileReference; fileEncoding = 4; lastKnownFileType = sourcecode.swift; path = CartItemTableViewCell.swift; sourceTree = "<group>"; };
		92B5B89F1E04B1E7002A1BFB /* OrderSummaryTableViewCell.swift */ = {isa = PBXFileReference; fileEncoding = 4; lastKnownFileType = sourcecode.swift; path = OrderSummaryTableViewCell.swift; sourceTree = "<group>"; };
		92B5B8A11E04D728002A1BFB /* ProductImageCollectionViewController.swift */ = {isa = PBXFileReference; fileEncoding = 4; lastKnownFileType = sourcecode.swift; path = ProductImageCollectionViewController.swift; sourceTree = "<group>"; };
		92C2C9F71DFB263900FA8E3D /* ProductDetailViewController.swift */ = {isa = PBXFileReference; fileEncoding = 4; lastKnownFileType = sourcecode.swift; path = ProductDetailViewController.swift; sourceTree = "<group>"; };
		92C2C9F91DFB2A5400FA8E3D /* ImageCollectionViewCell.swift */ = {isa = PBXFileReference; fileEncoding = 4; lastKnownFileType = sourcecode.swift; path = ImageCollectionViewCell.swift; sourceTree = "<group>"; };
		92C2C9FC1DFB868600FA8E3D /* ProductView.swift */ = {isa = PBXFileReference; fileEncoding = 4; lastKnownFileType = sourcecode.swift; path = ProductView.swift; sourceTree = "<group>"; };
		92E0ADD11DF468EF00D26606 /* TapList.app */ = {isa = PBXFileReference; explicitFileType = wrapper.application; includeInIndex = 0; path = TapList.app; sourceTree = BUILT_PRODUCTS_DIR; };
		92E0ADD41DF468EF00D26606 /* AppDelegate.swift */ = {isa = PBXFileReference; lastKnownFileType = sourcecode.swift; path = AppDelegate.swift; sourceTree = "<group>"; };
		92E0ADD61DF468EF00D26606 /* ViewController.swift */ = {isa = PBXFileReference; lastKnownFileType = sourcecode.swift; path = ViewController.swift; sourceTree = "<group>"; };
		92E0ADD91DF468EF00D26606 /* Base */ = {isa = PBXFileReference; lastKnownFileType = file.storyboard; name = Base; path = Base.lproj/Main.storyboard; sourceTree = "<group>"; };
		92E0ADDC1DF468EF00D26606 /* TapList.xcdatamodel */ = {isa = PBXFileReference; lastKnownFileType = wrapper.xcdatamodel; path = TapList.xcdatamodel; sourceTree = "<group>"; };
		92E0ADDE1DF468EF00D26606 /* Assets.xcassets */ = {isa = PBXFileReference; lastKnownFileType = folder.assetcatalog; path = Assets.xcassets; sourceTree = "<group>"; };
		92E0ADE11DF468EF00D26606 /* Base */ = {isa = PBXFileReference; lastKnownFileType = file.storyboard; name = Base; path = Base.lproj/LaunchScreen.storyboard; sourceTree = "<group>"; };
		92E0ADE31DF468EF00D26606 /* Info.plist */ = {isa = PBXFileReference; lastKnownFileType = text.plist.xml; path = Info.plist; sourceTree = "<group>"; };
		92E0ADE81DF468F000D26606 /* TapListTests.xctest */ = {isa = PBXFileReference; explicitFileType = wrapper.cfbundle; includeInIndex = 0; path = TapListTests.xctest; sourceTree = BUILT_PRODUCTS_DIR; };
		92E0ADEE1DF468F000D26606 /* Info.plist */ = {isa = PBXFileReference; lastKnownFileType = text.plist.xml; path = Info.plist; sourceTree = "<group>"; };
		92E0ADF31DF468F000D26606 /* TapListUITests.xctest */ = {isa = PBXFileReference; explicitFileType = wrapper.cfbundle; includeInIndex = 0; path = TapListUITests.xctest; sourceTree = BUILT_PRODUCTS_DIR; };
		92E0ADF71DF468F000D26606 /* TapListUITests.swift */ = {isa = PBXFileReference; lastKnownFileType = sourcecode.swift; path = TapListUITests.swift; sourceTree = "<group>"; };
		92E0ADF91DF468F000D26606 /* Info.plist */ = {isa = PBXFileReference; lastKnownFileType = text.plist.xml; path = Info.plist; sourceTree = "<group>"; };
		92E0AE051DF480BB00D26606 /* ProductCollectionViewCell.swift */ = {isa = PBXFileReference; fileEncoding = 4; lastKnownFileType = sourcecode.swift; path = ProductCollectionViewCell.swift; sourceTree = "<group>"; };
		92E0AE0B1DF488CB00D26606 /* Product.swift */ = {isa = PBXFileReference; fileEncoding = 4; lastKnownFileType = sourcecode.swift; path = Product.swift; sourceTree = "<group>"; };
		92E0AE0E1DF4898100D26606 /* ImageService.swift */ = {isa = PBXFileReference; fileEncoding = 4; lastKnownFileType = sourcecode.swift; path = ImageService.swift; sourceTree = "<group>"; };
		92FD73031E0CC8430025962A /* CartItemTests.swift */ = {isa = PBXFileReference; fileEncoding = 4; lastKnownFileType = sourcecode.swift; path = CartItemTests.swift; sourceTree = "<group>"; };
		92FD73051E0DDFE30025962A /* TestUtils.swift */ = {isa = PBXFileReference; fileEncoding = 4; lastKnownFileType = sourcecode.swift; path = TestUtils.swift; sourceTree = "<group>"; };
		92FD73091E0E50950025962A /* MockDataService.swift */ = {isa = PBXFileReference; fileEncoding = 4; lastKnownFileType = sourcecode.swift; path = MockDataService.swift; sourceTree = "<group>"; };
		92FD730B1E0E52460025962A /* CartTests.swift */ = {isa = PBXFileReference; fileEncoding = 4; lastKnownFileType = sourcecode.swift; path = CartTests.swift; sourceTree = "<group>"; };
		92FD73101E0E77CB0025962A /* OfferTests.swift */ = {isa = PBXFileReference; fileEncoding = 4; lastKnownFileType = sourcecode.swift; path = OfferTests.swift; sourceTree = "<group>"; };
		92FD73121E0E77DF0025962A /* ProductTests.swift */ = {isa = PBXFileReference; fileEncoding = 4; lastKnownFileType = sourcecode.swift; path = ProductTests.swift; sourceTree = "<group>"; };
		96956E28DCDF7071483BD03A /* Pods-TapList.release.xcconfig */ = {isa = PBXFileReference; includeInIndex = 1; lastKnownFileType = text.xcconfig; name = "Pods-TapList.release.xcconfig"; path = "Pods/Target Support Files/Pods-TapList/Pods-TapList.release.xcconfig"; sourceTree = "<group>"; };
		D5B0C5438C72B7AF3C225A83 /* Pods-TapListTests.debug.xcconfig */ = {isa = PBXFileReference; includeInIndex = 1; lastKnownFileType = text.xcconfig; name = "Pods-TapListTests.debug.xcconfig"; path = "Pods/Target Support Files/Pods-TapListTests/Pods-TapListTests.debug.xcconfig"; sourceTree = "<group>"; };
/* End PBXFileReference section */

/* Begin PBXFrameworksBuildPhase section */
		92E0ADCE1DF468EF00D26606 /* Frameworks */ = {
			isa = PBXFrameworksBuildPhase;
			buildActionMask = 2147483647;
			files = (
				0179788FB3BA1D38BAE4699C /* Pods_TapList.framework in Frameworks */,
			);
			runOnlyForDeploymentPostprocessing = 0;
		};
		92E0ADE51DF468F000D26606 /* Frameworks */ = {
			isa = PBXFrameworksBuildPhase;
			buildActionMask = 2147483647;
			files = (
				6440992F62F6D32BD3B9F86A /* Pods_TapListTests.framework in Frameworks */,
			);
			runOnlyForDeploymentPostprocessing = 0;
		};
		92E0ADF01DF468F000D26606 /* Frameworks */ = {
			isa = PBXFrameworksBuildPhase;
			buildActionMask = 2147483647;
			files = (
				560C6D938DE35F80F45BA62F /* Pods_TapListUITests.framework in Frameworks */,
			);
			runOnlyForDeploymentPostprocessing = 0;
		};
/* End PBXFrameworksBuildPhase section */

/* Begin PBXGroup section */
		8C3C227E7A5A45F655379A85 /* Frameworks */ = {
			isa = PBXGroup;
			children = (
				0C5F33273CB491CF4DC53C22 /* Pods_TapList.framework */,
				055DA8AA1ED84220608AAE52 /* Pods_TapListTests.framework */,
				295FB93A7D29E3B071373E6D /* Pods_TapListUITests.framework */,
			);
			name = Frameworks;
			sourceTree = "<group>";
		};
		922053901DFF3BE5000FC993 /* Util */ = {
			isa = PBXGroup;
			children = (
				9220538E1DFF3BE0000FC993 /* Constants.swift */,
				922A07761E1305AE002EEFCC /* Extensions.swift */,
				9241E5561E0239AF00CB81C7 /* KeyboardHandler.swift */,
			);
			name = Util;
			sourceTree = "<group>";
		};
		922A07731E11BE65002EEFCC /* View Tests */ = {
			isa = PBXGroup;
			children = (
				92A549181E14AFEB00C5E6B3 /* CartItemTableViewCellTests.swift */,
				92A549121E14A0B800C5E6B3 /* ImageCollectionViewCellTests.swift */,
				92A549141E14A26A00C5E6B3 /* OrderSummaryTableViewCellTests.swift */,
				922A07741E11C444002EEFCC /* PlaceholderTextViewTests.swift */,
				922A07781E1437D2002EEFCC /* ProductViewTests.swift */,
				922A07821E148455002EEFCC /* QuantityEntryViewTests.swift */,
				92A549161E14AE0400C5E6B3 /* QuantityTableViewCellTests.swift */,
				922A077C1E146B29002EEFCC /* QuantityTextFieldTests.swift */,
				922A077E1E147A4A002EEFCC /* QuantityTextFieldDelegateTests.swift */,
				922A07711E11BE61002EEFCC /* RoundedButtonTests.swift */,
			);
			name = "View Tests";
			sourceTree = "<group>";
		};
		922F2E671DF5D1BF00B7FAF6 /* Controller */ = {
			isa = PBXGroup;
			children = (
				92B5B89B1E045EF1002A1BFB /* ManageCartTableViewController.swift */,
				92C2C9F71DFB263900FA8E3D /* ProductDetailViewController.swift */,
				92B5B8A11E04D728002A1BFB /* ProductImageCollectionViewController.swift */,
				9220538C1DFF2F1A000FC993 /* QuantityTableViewController.swift */,
				921094131DF626E800333464 /* SalePriceViewController.swift */,
				9210943F1DF8804300333464 /* TestViewController.swift */,
				92E0ADD61DF468EF00D26606 /* ViewController.swift */,
			);
			name = Controller;
			sourceTree = "<group>";
		};
		92A5491C1E14C47D00C5E6B3 /* Controller Tests */ = {
			isa = PBXGroup;
			children = (
				92A5491D1E14C5A600C5E6B3 /* QuantityTableViewControllerTests.swift */,
				92A5491F1E14C8E000C5E6B3 /* ViewControllerTests.swift */,
			);
			name = "Controller Tests";
			sourceTree = "<group>";
		};
		92E0ADC81DF468EF00D26606 = {
			isa = PBXGroup;
			children = (
				92E0ADD31DF468EF00D26606 /* TapList */,
				92E0ADEB1DF468F000D26606 /* TapListTests */,
				92E0ADF61DF468F000D26606 /* TapListUITests */,
				92E0ADD21DF468EF00D26606 /* Products */,
				9C82A0696EDD525A26352360 /* Pods */,
				8C3C227E7A5A45F655379A85 /* Frameworks */,
			);
			sourceTree = "<group>";
		};
		92E0ADD21DF468EF00D26606 /* Products */ = {
			isa = PBXGroup;
			children = (
				92E0ADD11DF468EF00D26606 /* TapList.app */,
				92E0ADE81DF468F000D26606 /* TapListTests.xctest */,
				92E0ADF31DF468F000D26606 /* TapListUITests.xctest */,
			);
			name = Products;
			sourceTree = "<group>";
		};
		92E0ADD31DF468EF00D26606 /* TapList */ = {
			isa = PBXGroup;
			children = (
				922F2E671DF5D1BF00B7FAF6 /* Controller */,
				92E0AE0D1DF4896C00D26606 /* Service */,
				92E0AE0A1DF488B900D26606 /* Model */,
				922053901DFF3BE5000FC993 /* Util */,
				92E0AE091DF4838D00D26606 /* View */,
				92E0ADD41DF468EF00D26606 /* AppDelegate.swift */,
				92E0ADDE1DF468EF00D26606 /* Assets.xcassets */,
				92E0ADE31DF468EF00D26606 /* Info.plist */,
				926D89CB1DFA14A300C0E26C /* GoogleService-Info.plist */,
				92E0ADDB1DF468EF00D26606 /* TapList.xcdatamodeld */,
			);
			path = TapList;
			sourceTree = "<group>";
		};
		92E0ADEB1DF468F000D26606 /* TapListTests */ = {
			isa = PBXGroup;
			children = (
				92A5491C1E14C47D00C5E6B3 /* Controller Tests */,
				92FD730D1E0E5C1E0025962A /* Mock */,
				92FD730E1E0E5C390025962A /* Model Tests */,
				92FD730F1E0E5C5D0025962A /* TestUtils */,
				922A07731E11BE65002EEFCC /* View Tests */,
				92E0ADEE1DF468F000D26606 /* Info.plist */,
			);
			path = TapListTests;
			sourceTree = "<group>";
		};
		92E0ADF61DF468F000D26606 /* TapListUITests */ = {
			isa = PBXGroup;
			children = (
				92E0ADF71DF468F000D26606 /* TapListUITests.swift */,
				92E0ADF91DF468F000D26606 /* Info.plist */,
			);
			path = TapListUITests;
			sourceTree = "<group>";
		};
		92E0AE091DF4838D00D26606 /* View */ = {
			isa = PBXGroup;
			children = (
				92B5B89D1E045F09002A1BFB /* CartItemTableViewCell.swift */,
				92C2C9F91DFB2A5400FA8E3D /* ImageCollectionViewCell.swift */,
				92E0ADE01DF468EF00D26606 /* LaunchScreen.storyboard */,
				92E0ADD81DF468EF00D26606 /* Main.storyboard */,
				92B5B89F1E04B1E7002A1BFB /* OrderSummaryTableViewCell.swift */,
				926D89D11DFA50E800C0E26C /* PlaceholderTextView.swift */,
				92E0AE051DF480BB00D26606 /* ProductCollectionViewCell.swift */,
				92C2C9FC1DFB868600FA8E3D /* ProductView.swift */,
				925F34D91E085611003B680E /* QuantityEntryView.swift */,
				9220538A1DFF26AE000FC993 /* QuantityTableViewCell.swift */,
				926E25AF1E032C7800BD48E6 /* QuantityTextField.swift */,
				929043051DF4C8DF005AF5BF /* RoundedButton.swift */,
			);
			name = View;
			sourceTree = "<group>";
		};
		92E0AE0A1DF488B900D26606 /* Model */ = {
			isa = PBXGroup;
			children = (
				922053881DFCAF09000FC993 /* Cart.swift */,
				922F2E681DF5E9DA00B7FAF6 /* CartItem.swift */,
				921094151DF7938C00333464 /* Offer.swift */,
				92E0AE0B1DF488CB00D26606 /* Product.swift */,
			);
			name = Model;
			sourceTree = "<group>";
		};
		92E0AE0D1DF4896C00D26606 /* Service */ = {
			isa = PBXGroup;
			children = (
				926D89CF1DFA24E500C0E26C /* DataService.swift */,
				92E0AE0E1DF4898100D26606 /* ImageService.swift */,
			);
			name = Service;
			sourceTree = "<group>";
		};
		92FD730D1E0E5C1E0025962A /* Mock */ = {
			isa = PBXGroup;
			children = (
				92FD73091E0E50950025962A /* MockDataService.swift */,
				92A5491A1E14B24400C5E6B3 /* MockImageService.swift */,
			);
			name = Mock;
			sourceTree = "<group>";
		};
		92FD730E1E0E5C390025962A /* Model Tests */ = {
			isa = PBXGroup;
			children = (
				92FD730B1E0E52460025962A /* CartTests.swift */,
				92FD73031E0CC8430025962A /* CartItemTests.swift */,
				92FD73101E0E77CB0025962A /* OfferTests.swift */,
				92FD73121E0E77DF0025962A /* ProductTests.swift */,
			);
			name = "Model Tests";
			sourceTree = "<group>";
		};
		92FD730F1E0E5C5D0025962A /* TestUtils */ = {
			isa = PBXGroup;
			children = (
				92FD73051E0DDFE30025962A /* TestUtils.swift */,
			);
			name = TestUtils;
			sourceTree = "<group>";
		};
		9C82A0696EDD525A26352360 /* Pods */ = {
			isa = PBXGroup;
			children = (
				0D9ACC8B9248AF26C951A764 /* Pods-TapList.debug.xcconfig */,
				96956E28DCDF7071483BD03A /* Pods-TapList.release.xcconfig */,
				D5B0C5438C72B7AF3C225A83 /* Pods-TapListTests.debug.xcconfig */,
				31F2E13C595E311FFE28B9A3 /* Pods-TapListTests.release.xcconfig */,
				009AEB50A87E141BABD497A9 /* Pods-TapListUITests.debug.xcconfig */,
				875A1743AE33696E27B2D702 /* Pods-TapListUITests.release.xcconfig */,
			);
			name = Pods;
			sourceTree = "<group>";
		};
/* End PBXGroup section */

/* Begin PBXNativeTarget section */
		92E0ADD01DF468EF00D26606 /* TapList */ = {
			isa = PBXNativeTarget;
			buildConfigurationList = 92E0ADFC1DF468F000D26606 /* Build configuration list for PBXNativeTarget "TapList" */;
			buildPhases = (
				A42FEA2DF59F2EBE6A1B2A31 /* [CP] Check Pods Manifest.lock */,
				92E0ADCD1DF468EF00D26606 /* Sources */,
				92E0ADCE1DF468EF00D26606 /* Frameworks */,
				92E0ADCF1DF468EF00D26606 /* Resources */,
				A8A8FDAA59A29BDF851FD842 /* [CP] Embed Pods Frameworks */,
				F563CF4F590B33FFF451FB83 /* [CP] Copy Pods Resources */,
			);
			buildRules = (
			);
			dependencies = (
			);
			name = TapList;
			productName = TapList;
			productReference = 92E0ADD11DF468EF00D26606 /* TapList.app */;
			productType = "com.apple.product-type.application";
		};
		92E0ADE71DF468F000D26606 /* TapListTests */ = {
			isa = PBXNativeTarget;
			buildConfigurationList = 92E0ADFF1DF468F000D26606 /* Build configuration list for PBXNativeTarget "TapListTests" */;
			buildPhases = (
				33642B7AD0727CF6DFDD986C /* [CP] Check Pods Manifest.lock */,
				92E0ADE41DF468F000D26606 /* Sources */,
				92E0ADE51DF468F000D26606 /* Frameworks */,
				92E0ADE61DF468F000D26606 /* Resources */,
				188F934684711A09E01582E8 /* [CP] Embed Pods Frameworks */,
				7595CC3FE1D11FE3041846E7 /* [CP] Copy Pods Resources */,
			);
			buildRules = (
			);
			dependencies = (
				92E0ADEA1DF468F000D26606 /* PBXTargetDependency */,
			);
			name = TapListTests;
			productName = TapListTests;
			productReference = 92E0ADE81DF468F000D26606 /* TapListTests.xctest */;
			productType = "com.apple.product-type.bundle.unit-test";
		};
		92E0ADF21DF468F000D26606 /* TapListUITests */ = {
			isa = PBXNativeTarget;
			buildConfigurationList = 92E0AE021DF468F000D26606 /* Build configuration list for PBXNativeTarget "TapListUITests" */;
			buildPhases = (
				AE3ED58BEB8C1839765FD759 /* [CP] Check Pods Manifest.lock */,
				92E0ADEF1DF468F000D26606 /* Sources */,
				92E0ADF01DF468F000D26606 /* Frameworks */,
				92E0ADF11DF468F000D26606 /* Resources */,
				F57593709CC79B99CA52138A /* [CP] Embed Pods Frameworks */,
				7375401C72D6C8F1EF5501F5 /* [CP] Copy Pods Resources */,
			);
			buildRules = (
			);
			dependencies = (
				92E0ADF51DF468F000D26606 /* PBXTargetDependency */,
			);
			name = TapListUITests;
			productName = TapListUITests;
			productReference = 92E0ADF31DF468F000D26606 /* TapListUITests.xctest */;
			productType = "com.apple.product-type.bundle.ui-testing";
		};
/* End PBXNativeTarget section */

/* Begin PBXProject section */
		92E0ADC91DF468EF00D26606 /* Project object */ = {
			isa = PBXProject;
			attributes = {
				LastSwiftUpdateCheck = 0810;
				LastUpgradeCheck = 0820;
				ORGANIZATIONNAME = "Anthony Whitaker";
				TargetAttributes = {
					92E0ADD01DF468EF00D26606 = {
						CreatedOnToolsVersion = 8.1;
						DevelopmentTeam = VL7RZNELL8;
						ProvisioningStyle = Automatic;
					};
					92E0ADE71DF468F000D26606 = {
						CreatedOnToolsVersion = 8.1;
						DevelopmentTeam = VL7RZNELL8;
						ProvisioningStyle = Automatic;
						TestTargetID = 92E0ADD01DF468EF00D26606;
					};
					92E0ADF21DF468F000D26606 = {
						CreatedOnToolsVersion = 8.1;
						DevelopmentTeam = VL7RZNELL8;
						ProvisioningStyle = Automatic;
						TestTargetID = 92E0ADD01DF468EF00D26606;
					};
				};
			};
			buildConfigurationList = 92E0ADCC1DF468EF00D26606 /* Build configuration list for PBXProject "TapList" */;
			compatibilityVersion = "Xcode 3.2";
			developmentRegion = English;
			hasScannedForEncodings = 0;
			knownRegions = (
				en,
				Base,
			);
			mainGroup = 92E0ADC81DF468EF00D26606;
			productRefGroup = 92E0ADD21DF468EF00D26606 /* Products */;
			projectDirPath = "";
			projectRoot = "";
			targets = (
				92E0ADD01DF468EF00D26606 /* TapList */,
				92E0ADE71DF468F000D26606 /* TapListTests */,
				92E0ADF21DF468F000D26606 /* TapListUITests */,
			);
		};
/* End PBXProject section */

/* Begin PBXResourcesBuildPhase section */
		92E0ADCF1DF468EF00D26606 /* Resources */ = {
			isa = PBXResourcesBuildPhase;
			buildActionMask = 2147483647;
			files = (
				92E0ADE21DF468EF00D26606 /* LaunchScreen.storyboard in Resources */,
				926D89CC1DFA14A300C0E26C /* GoogleService-Info.plist in Resources */,
				92E0ADDF1DF468EF00D26606 /* Assets.xcassets in Resources */,
				92E0ADDA1DF468EF00D26606 /* Main.storyboard in Resources */,
			);
			runOnlyForDeploymentPostprocessing = 0;
		};
		92E0ADE61DF468F000D26606 /* Resources */ = {
			isa = PBXResourcesBuildPhase;
			buildActionMask = 2147483647;
			files = (
				926D89CD1DFA14A300C0E26C /* GoogleService-Info.plist in Resources */,
			);
			runOnlyForDeploymentPostprocessing = 0;
		};
		92E0ADF11DF468F000D26606 /* Resources */ = {
			isa = PBXResourcesBuildPhase;
			buildActionMask = 2147483647;
			files = (
				926D89CE1DFA14A300C0E26C /* GoogleService-Info.plist in Resources */,
			);
			runOnlyForDeploymentPostprocessing = 0;
		};
/* End PBXResourcesBuildPhase section */

/* Begin PBXShellScriptBuildPhase section */
		188F934684711A09E01582E8 /* [CP] Embed Pods Frameworks */ = {
			isa = PBXShellScriptBuildPhase;
			buildActionMask = 2147483647;
			files = (
			);
			inputPaths = (
			);
			name = "[CP] Embed Pods Frameworks";
			outputPaths = (
			);
			runOnlyForDeploymentPostprocessing = 0;
			shellPath = /bin/sh;
			shellScript = "\"${SRCROOT}/Pods/Target Support Files/Pods-TapListTests/Pods-TapListTests-frameworks.sh\"\n";
			showEnvVarsInLog = 0;
		};
		33642B7AD0727CF6DFDD986C /* [CP] Check Pods Manifest.lock */ = {
			isa = PBXShellScriptBuildPhase;
			buildActionMask = 2147483647;
			files = (
			);
			inputPaths = (
			);
			name = "[CP] Check Pods Manifest.lock";
			outputPaths = (
			);
			runOnlyForDeploymentPostprocessing = 0;
			shellPath = /bin/sh;
			shellScript = "diff \"${PODS_ROOT}/../Podfile.lock\" \"${PODS_ROOT}/Manifest.lock\" > /dev/null\nif [ $? != 0 ] ; then\n    # print error to STDERR\n    echo \"error: The sandbox is not in sync with the Podfile.lock. Run 'pod install' or update your CocoaPods installation.\" >&2\n    exit 1\nfi\n";
			showEnvVarsInLog = 0;
		};
		7375401C72D6C8F1EF5501F5 /* [CP] Copy Pods Resources */ = {
			isa = PBXShellScriptBuildPhase;
			buildActionMask = 2147483647;
			files = (
			);
			inputPaths = (
			);
			name = "[CP] Copy Pods Resources";
			outputPaths = (
			);
			runOnlyForDeploymentPostprocessing = 0;
			shellPath = /bin/sh;
			shellScript = "\"${SRCROOT}/Pods/Target Support Files/Pods-TapListUITests/Pods-TapListUITests-resources.sh\"\n";
			showEnvVarsInLog = 0;
		};
		7595CC3FE1D11FE3041846E7 /* [CP] Copy Pods Resources */ = {
			isa = PBXShellScriptBuildPhase;
			buildActionMask = 2147483647;
			files = (
			);
			inputPaths = (
			);
			name = "[CP] Copy Pods Resources";
			outputPaths = (
			);
			runOnlyForDeploymentPostprocessing = 0;
			shellPath = /bin/sh;
			shellScript = "\"${SRCROOT}/Pods/Target Support Files/Pods-TapListTests/Pods-TapListTests-resources.sh\"\n";
			showEnvVarsInLog = 0;
		};
		A42FEA2DF59F2EBE6A1B2A31 /* [CP] Check Pods Manifest.lock */ = {
			isa = PBXShellScriptBuildPhase;
			buildActionMask = 2147483647;
			files = (
			);
			inputPaths = (
			);
			name = "[CP] Check Pods Manifest.lock";
			outputPaths = (
			);
			runOnlyForDeploymentPostprocessing = 0;
			shellPath = /bin/sh;
			shellScript = "diff \"${PODS_ROOT}/../Podfile.lock\" \"${PODS_ROOT}/Manifest.lock\" > /dev/null\nif [ $? != 0 ] ; then\n    # print error to STDERR\n    echo \"error: The sandbox is not in sync with the Podfile.lock. Run 'pod install' or update your CocoaPods installation.\" >&2\n    exit 1\nfi\n";
			showEnvVarsInLog = 0;
		};
		A8A8FDAA59A29BDF851FD842 /* [CP] Embed Pods Frameworks */ = {
			isa = PBXShellScriptBuildPhase;
			buildActionMask = 2147483647;
			files = (
			);
			inputPaths = (
			);
			name = "[CP] Embed Pods Frameworks";
			outputPaths = (
			);
			runOnlyForDeploymentPostprocessing = 0;
			shellPath = /bin/sh;
			shellScript = "\"${SRCROOT}/Pods/Target Support Files/Pods-TapList/Pods-TapList-frameworks.sh\"\n";
			showEnvVarsInLog = 0;
		};
		AE3ED58BEB8C1839765FD759 /* [CP] Check Pods Manifest.lock */ = {
			isa = PBXShellScriptBuildPhase;
			buildActionMask = 2147483647;
			files = (
			);
			inputPaths = (
			);
			name = "[CP] Check Pods Manifest.lock";
			outputPaths = (
			);
			runOnlyForDeploymentPostprocessing = 0;
			shellPath = /bin/sh;
			shellScript = "diff \"${PODS_ROOT}/../Podfile.lock\" \"${PODS_ROOT}/Manifest.lock\" > /dev/null\nif [ $? != 0 ] ; then\n    # print error to STDERR\n    echo \"error: The sandbox is not in sync with the Podfile.lock. Run 'pod install' or update your CocoaPods installation.\" >&2\n    exit 1\nfi\n";
			showEnvVarsInLog = 0;
		};
		F563CF4F590B33FFF451FB83 /* [CP] Copy Pods Resources */ = {
			isa = PBXShellScriptBuildPhase;
			buildActionMask = 2147483647;
			files = (
			);
			inputPaths = (
			);
			name = "[CP] Copy Pods Resources";
			outputPaths = (
			);
			runOnlyForDeploymentPostprocessing = 0;
			shellPath = /bin/sh;
			shellScript = "\"${SRCROOT}/Pods/Target Support Files/Pods-TapList/Pods-TapList-resources.sh\"\n";
			showEnvVarsInLog = 0;
		};
		F57593709CC79B99CA52138A /* [CP] Embed Pods Frameworks */ = {
			isa = PBXShellScriptBuildPhase;
			buildActionMask = 2147483647;
			files = (
			);
			inputPaths = (
			);
			name = "[CP] Embed Pods Frameworks";
			outputPaths = (
			);
			runOnlyForDeploymentPostprocessing = 0;
			shellPath = /bin/sh;
			shellScript = "\"${SRCROOT}/Pods/Target Support Files/Pods-TapListUITests/Pods-TapListUITests-frameworks.sh\"\n";
			showEnvVarsInLog = 0;
		};
/* End PBXShellScriptBuildPhase section */

/* Begin PBXSourcesBuildPhase section */
		92E0ADCD1DF468EF00D26606 /* Sources */ = {
			isa = PBXSourcesBuildPhase;
			buildActionMask = 2147483647;
			files = (
				92E0ADD71DF468EF00D26606 /* ViewController.swift in Sources */,
				92E0ADD51DF468EF00D26606 /* AppDelegate.swift in Sources */,
				921094401DF8804300333464 /* TestViewController.swift in Sources */,
				9241E5571E0239AF00CB81C7 /* KeyboardHandler.swift in Sources */,
				926D89D01DFA24E500C0E26C /* DataService.swift in Sources */,
				922F2E691DF5E9DA00B7FAF6 /* CartItem.swift in Sources */,
				925F34DA1E085611003B680E /* QuantityEntryView.swift in Sources */,
				921094141DF626E800333464 /* SalePriceViewController.swift in Sources */,
				9220538B1DFF26AE000FC993 /* QuantityTableViewCell.swift in Sources */,
				9220538D1DFF2F1A000FC993 /* QuantityTableViewController.swift in Sources */,
				92C2C9FA1DFB2A5400FA8E3D /* ImageCollectionViewCell.swift in Sources */,
				921094161DF7938C00333464 /* Offer.swift in Sources */,
				92C2C9FD1DFB868600FA8E3D /* ProductView.swift in Sources */,
				92E0AE0C1DF488CB00D26606 /* Product.swift in Sources */,
				92B5B89E1E045F09002A1BFB /* CartItemTableViewCell.swift in Sources */,
				929043061DF4C8DF005AF5BF /* RoundedButton.swift in Sources */,
				92C2C9F81DFB263900FA8E3D /* ProductDetailViewController.swift in Sources */,
				92B5B89C1E045EF1002A1BFB /* ManageCartTableViewController.swift in Sources */,
				922053891DFCAF09000FC993 /* Cart.swift in Sources */,
				9220538F1DFF3BE0000FC993 /* Constants.swift in Sources */,
				92B5B8A21E04D728002A1BFB /* ProductImageCollectionViewController.swift in Sources */,
				92E0AE071DF480BB00D26606 /* ProductCollectionViewCell.swift in Sources */,
				92B5B8A01E04B1E7002A1BFB /* OrderSummaryTableViewCell.swift in Sources */,
				926E25B01E032C7800BD48E6 /* QuantityTextField.swift in Sources */,
				92E0ADDD1DF468EF00D26606 /* TapList.xcdatamodeld in Sources */,
				926D89D21DFA50E800C0E26C /* PlaceholderTextView.swift in Sources */,
				92E0AE0F1DF4898100D26606 /* ImageService.swift in Sources */,
				922A07771E1305AE002EEFCC /* Extensions.swift in Sources */,
			);
			runOnlyForDeploymentPostprocessing = 0;
		};
		92E0ADE41DF468F000D26606 /* Sources */ = {
			isa = PBXSourcesBuildPhase;
			buildActionMask = 2147483647;
			files = (
				92FD730A1E0E50950025962A /* MockDataService.swift in Sources */,
				92A549151E14A26A00C5E6B3 /* OrderSummaryTableViewCellTests.swift in Sources */,
				92FD73041E0CC8430025962A /* CartItemTests.swift in Sources */,
				92FD73131E0E77DF0025962A /* ProductTests.swift in Sources */,
				92A549191E14AFEB00C5E6B3 /* CartItemTableViewCellTests.swift in Sources */,
				922A07721E11BE61002EEFCC /* RoundedButtonTests.swift in Sources */,
				922A07831E148455002EEFCC /* QuantityEntryViewTests.swift in Sources */,
				92A549171E14AE0400C5E6B3 /* QuantityTableViewCellTests.swift in Sources */,
				922A07791E1437D2002EEFCC /* ProductViewTests.swift in Sources */,
				92A549131E14A0B800C5E6B3 /* ImageCollectionViewCellTests.swift in Sources */,
				92A549201E14C8E000C5E6B3 /* ViewControllerTests.swift in Sources */,
				92A5491B1E14B24400C5E6B3 /* MockImageService.swift in Sources */,
				922A07751E11C444002EEFCC /* PlaceholderTextViewTests.swift in Sources */,
				92FD73061E0DDFE30025962A /* TestUtils.swift in Sources */,
				92FD73111E0E77CB0025962A /* OfferTests.swift in Sources */,
				92A5491E1E14C5A600C5E6B3 /* QuantityTableViewControllerTests.swift in Sources */,
				922A077F1E147A4A002EEFCC /* QuantityTextFieldDelegateTests.swift in Sources */,
				922A077D1E146B29002EEFCC /* QuantityTextFieldTests.swift in Sources */,
				92FD730C1E0E52460025962A /* CartTests.swift in Sources */,
			);
			runOnlyForDeploymentPostprocessing = 0;
		};
		92E0ADEF1DF468F000D26606 /* Sources */ = {
			isa = PBXSourcesBuildPhase;
			buildActionMask = 2147483647;
			files = (
				92E0ADF81DF468F000D26606 /* TapListUITests.swift in Sources */,
			);
			runOnlyForDeploymentPostprocessing = 0;
		};
/* End PBXSourcesBuildPhase section */

/* Begin PBXTargetDependency section */
		92E0ADEA1DF468F000D26606 /* PBXTargetDependency */ = {
			isa = PBXTargetDependency;
			target = 92E0ADD01DF468EF00D26606 /* TapList */;
			targetProxy = 92E0ADE91DF468F000D26606 /* PBXContainerItemProxy */;
		};
		92E0ADF51DF468F000D26606 /* PBXTargetDependency */ = {
			isa = PBXTargetDependency;
			target = 92E0ADD01DF468EF00D26606 /* TapList */;
			targetProxy = 92E0ADF41DF468F000D26606 /* PBXContainerItemProxy */;
		};
/* End PBXTargetDependency section */

/* Begin PBXVariantGroup section */
		92E0ADD81DF468EF00D26606 /* Main.storyboard */ = {
			isa = PBXVariantGroup;
			children = (
				92E0ADD91DF468EF00D26606 /* Base */,
			);
			name = Main.storyboard;
			sourceTree = "<group>";
		};
		92E0ADE01DF468EF00D26606 /* LaunchScreen.storyboard */ = {
			isa = PBXVariantGroup;
			children = (
				92E0ADE11DF468EF00D26606 /* Base */,
			);
			name = LaunchScreen.storyboard;
			sourceTree = "<group>";
		};
/* End PBXVariantGroup section */

/* Begin XCBuildConfiguration section */
		92E0ADFA1DF468F000D26606 /* Debug */ = {
			isa = XCBuildConfiguration;
			buildSettings = {
				ALWAYS_SEARCH_USER_PATHS = NO;
				CLANG_ANALYZER_NONNULL = YES;
				CLANG_CXX_LANGUAGE_STANDARD = "gnu++0x";
				CLANG_CXX_LIBRARY = "libc++";
				CLANG_ENABLE_MODULES = YES;
				CLANG_ENABLE_OBJC_ARC = YES;
				CLANG_WARN_BOOL_CONVERSION = YES;
				CLANG_WARN_CONSTANT_CONVERSION = YES;
				CLANG_WARN_DIRECT_OBJC_ISA_USAGE = YES_ERROR;
				CLANG_WARN_DOCUMENTATION_COMMENTS = YES;
				CLANG_WARN_EMPTY_BODY = YES;
				CLANG_WARN_ENUM_CONVERSION = YES;
				CLANG_WARN_INFINITE_RECURSION = YES;
				CLANG_WARN_INT_CONVERSION = YES;
				CLANG_WARN_OBJC_ROOT_CLASS = YES_ERROR;
				CLANG_WARN_SUSPICIOUS_MOVE = YES;
				CLANG_WARN_SUSPICIOUS_MOVES = YES;
				CLANG_WARN_UNREACHABLE_CODE = YES;
				CLANG_WARN__DUPLICATE_METHOD_MATCH = YES;
				"CODE_SIGN_IDENTITY[sdk=iphoneos*]" = "iPhone Developer";
				COPY_PHASE_STRIP = NO;
				DEBUG_INFORMATION_FORMAT = dwarf;
				ENABLE_STRICT_OBJC_MSGSEND = YES;
				ENABLE_TESTABILITY = YES;
				GCC_C_LANGUAGE_STANDARD = gnu99;
				GCC_DYNAMIC_NO_PIC = NO;
				GCC_NO_COMMON_BLOCKS = YES;
				GCC_OPTIMIZATION_LEVEL = 0;
				GCC_PREPROCESSOR_DEFINITIONS = (
					"DEBUG=1",
					"$(inherited)",
				);
				GCC_WARN_64_TO_32_BIT_CONVERSION = YES;
				GCC_WARN_ABOUT_RETURN_TYPE = YES_ERROR;
				GCC_WARN_UNDECLARED_SELECTOR = YES;
				GCC_WARN_UNINITIALIZED_AUTOS = YES_AGGRESSIVE;
				GCC_WARN_UNUSED_FUNCTION = YES;
				GCC_WARN_UNUSED_VARIABLE = YES;
				IPHONEOS_DEPLOYMENT_TARGET = 10.1;
				MTL_ENABLE_DEBUG_INFO = YES;
				ONLY_ACTIVE_ARCH = YES;
				SDKROOT = iphoneos;
				SWIFT_ACTIVE_COMPILATION_CONDITIONS = DEBUG;
				SWIFT_OPTIMIZATION_LEVEL = "-Onone";
				TARGETED_DEVICE_FAMILY = "1,2";
			};
			name = Debug;
		};
		92E0ADFB1DF468F000D26606 /* Release */ = {
			isa = XCBuildConfiguration;
			buildSettings = {
				ALWAYS_SEARCH_USER_PATHS = NO;
				CLANG_ANALYZER_NONNULL = YES;
				CLANG_CXX_LANGUAGE_STANDARD = "gnu++0x";
				CLANG_CXX_LIBRARY = "libc++";
				CLANG_ENABLE_MODULES = YES;
				CLANG_ENABLE_OBJC_ARC = YES;
				CLANG_WARN_BOOL_CONVERSION = YES;
				CLANG_WARN_CONSTANT_CONVERSION = YES;
				CLANG_WARN_DIRECT_OBJC_ISA_USAGE = YES_ERROR;
				CLANG_WARN_DOCUMENTATION_COMMENTS = YES;
				CLANG_WARN_EMPTY_BODY = YES;
				CLANG_WARN_ENUM_CONVERSION = YES;
				CLANG_WARN_INFINITE_RECURSION = YES;
				CLANG_WARN_INT_CONVERSION = YES;
				CLANG_WARN_OBJC_ROOT_CLASS = YES_ERROR;
				CLANG_WARN_SUSPICIOUS_MOVE = YES;
				CLANG_WARN_SUSPICIOUS_MOVES = YES;
				CLANG_WARN_UNREACHABLE_CODE = YES;
				CLANG_WARN__DUPLICATE_METHOD_MATCH = YES;
				"CODE_SIGN_IDENTITY[sdk=iphoneos*]" = "iPhone Developer";
				COPY_PHASE_STRIP = NO;
				DEBUG_INFORMATION_FORMAT = "dwarf-with-dsym";
				ENABLE_NS_ASSERTIONS = NO;
				ENABLE_STRICT_OBJC_MSGSEND = YES;
				GCC_C_LANGUAGE_STANDARD = gnu99;
				GCC_NO_COMMON_BLOCKS = YES;
				GCC_WARN_64_TO_32_BIT_CONVERSION = YES;
				GCC_WARN_ABOUT_RETURN_TYPE = YES_ERROR;
				GCC_WARN_UNDECLARED_SELECTOR = YES;
				GCC_WARN_UNINITIALIZED_AUTOS = YES_AGGRESSIVE;
				GCC_WARN_UNUSED_FUNCTION = YES;
				GCC_WARN_UNUSED_VARIABLE = YES;
				IPHONEOS_DEPLOYMENT_TARGET = 10.1;
				MTL_ENABLE_DEBUG_INFO = NO;
				SDKROOT = iphoneos;
				SWIFT_OPTIMIZATION_LEVEL = "-Owholemodule";
				TARGETED_DEVICE_FAMILY = "1,2";
				VALIDATE_PRODUCT = YES;
			};
			name = Release;
		};
		92E0ADFD1DF468F000D26606 /* Debug */ = {
			isa = XCBuildConfiguration;
			baseConfigurationReference = 0D9ACC8B9248AF26C951A764 /* Pods-TapList.debug.xcconfig */;
			buildSettings = {
				ALWAYS_EMBED_SWIFT_STANDARD_LIBRARIES = YES;
				ASSETCATALOG_COMPILER_APPICON_NAME = AppIcon;
				DEVELOPMENT_TEAM = VL7RZNELL8;
				INFOPLIST_FILE = TapList/Info.plist;
				LD_RUNPATH_SEARCH_PATHS = "$(inherited) @executable_path/Frameworks";
				PRODUCT_BUNDLE_IDENTIFIER = Whitaker.Anthony.TapList;
				PRODUCT_NAME = "$(TARGET_NAME)";
				SWIFT_VERSION = 3.0;
			};
			name = Debug;
		};
		92E0ADFE1DF468F000D26606 /* Release */ = {
			isa = XCBuildConfiguration;
			baseConfigurationReference = 96956E28DCDF7071483BD03A /* Pods-TapList.release.xcconfig */;
			buildSettings = {
				ALWAYS_EMBED_SWIFT_STANDARD_LIBRARIES = YES;
				ASSETCATALOG_COMPILER_APPICON_NAME = AppIcon;
				DEVELOPMENT_TEAM = VL7RZNELL8;
				INFOPLIST_FILE = TapList/Info.plist;
				LD_RUNPATH_SEARCH_PATHS = "$(inherited) @executable_path/Frameworks";
				PRODUCT_BUNDLE_IDENTIFIER = Whitaker.Anthony.TapList;
				PRODUCT_NAME = "$(TARGET_NAME)";
				SWIFT_VERSION = 3.0;
			};
			name = Release;
		};
		92E0AE001DF468F000D26606 /* Debug */ = {
			isa = XCBuildConfiguration;
			baseConfigurationReference = D5B0C5438C72B7AF3C225A83 /* Pods-TapListTests.debug.xcconfig */;
			buildSettings = {
				ALWAYS_EMBED_SWIFT_STANDARD_LIBRARIES = YES;
				BUNDLE_LOADER = "$(TEST_HOST)";
				DEVELOPMENT_TEAM = VL7RZNELL8;
				INFOPLIST_FILE = TapListTests/Info.plist;
				LD_RUNPATH_SEARCH_PATHS = "$(inherited) @executable_path/Frameworks @loader_path/Frameworks";
				PRODUCT_BUNDLE_IDENTIFIER = Whitaker.Anthony.TapListTests;
				PRODUCT_NAME = "$(TARGET_NAME)";
				SWIFT_VERSION = 3.0;
				TEST_HOST = "$(BUILT_PRODUCTS_DIR)/TapList.app/TapList";
			};
			name = Debug;
		};
		92E0AE011DF468F000D26606 /* Release */ = {
			isa = XCBuildConfiguration;
			baseConfigurationReference = 31F2E13C595E311FFE28B9A3 /* Pods-TapListTests.release.xcconfig */;
			buildSettings = {
				ALWAYS_EMBED_SWIFT_STANDARD_LIBRARIES = YES;
				BUNDLE_LOADER = "$(TEST_HOST)";
				DEVELOPMENT_TEAM = VL7RZNELL8;
				INFOPLIST_FILE = TapListTests/Info.plist;
				LD_RUNPATH_SEARCH_PATHS = "$(inherited) @executable_path/Frameworks @loader_path/Frameworks";
				PRODUCT_BUNDLE_IDENTIFIER = Whitaker.Anthony.TapListTests;
				PRODUCT_NAME = "$(TARGET_NAME)";
				SWIFT_VERSION = 3.0;
				TEST_HOST = "$(BUILT_PRODUCTS_DIR)/TapList.app/TapList";
			};
			name = Release;
		};
		92E0AE031DF468F000D26606 /* Debug */ = {
			isa = XCBuildConfiguration;
			baseConfigurationReference = 009AEB50A87E141BABD497A9 /* Pods-TapListUITests.debug.xcconfig */;
			buildSettings = {
				ALWAYS_EMBED_SWIFT_STANDARD_LIBRARIES = YES;
				DEVELOPMENT_TEAM = VL7RZNELL8;
				INFOPLIST_FILE = TapListUITests/Info.plist;
				LD_RUNPATH_SEARCH_PATHS = "$(inherited) @executable_path/Frameworks @loader_path/Frameworks";
				PRODUCT_BUNDLE_IDENTIFIER = Whitaker.Anthony.TapListUITests;
				PRODUCT_NAME = "$(TARGET_NAME)";
				SWIFT_VERSION = 3.0;
				TEST_TARGET_NAME = TapList;
			};
			name = Debug;
		};
		92E0AE041DF468F000D26606 /* Release */ = {
			isa = XCBuildConfiguration;
			baseConfigurationReference = 875A1743AE33696E27B2D702 /* Pods-TapListUITests.release.xcconfig */;
			buildSettings = {
				ALWAYS_EMBED_SWIFT_STANDARD_LIBRARIES = YES;
				DEVELOPMENT_TEAM = VL7RZNELL8;
				INFOPLIST_FILE = TapListUITests/Info.plist;
				LD_RUNPATH_SEARCH_PATHS = "$(inherited) @executable_path/Frameworks @loader_path/Frameworks";
				PRODUCT_BUNDLE_IDENTIFIER = Whitaker.Anthony.TapListUITests;
				PRODUCT_NAME = "$(TARGET_NAME)";
				SWIFT_VERSION = 3.0;
				TEST_TARGET_NAME = TapList;
			};
			name = Release;
		};
/* End XCBuildConfiguration section */

/* Begin XCConfigurationList section */
		92E0ADCC1DF468EF00D26606 /* Build configuration list for PBXProject "TapList" */ = {
			isa = XCConfigurationList;
			buildConfigurations = (
				92E0ADFA1DF468F000D26606 /* Debug */,
				92E0ADFB1DF468F000D26606 /* Release */,
			);
			defaultConfigurationIsVisible = 0;
			defaultConfigurationName = Release;
		};
		92E0ADFC1DF468F000D26606 /* Build configuration list for PBXNativeTarget "TapList" */ = {
			isa = XCConfigurationList;
			buildConfigurations = (
				92E0ADFD1DF468F000D26606 /* Debug */,
				92E0ADFE1DF468F000D26606 /* Release */,
			);
			defaultConfigurationIsVisible = 0;
			defaultConfigurationName = Release;
		};
		92E0ADFF1DF468F000D26606 /* Build configuration list for PBXNativeTarget "TapListTests" */ = {
			isa = XCConfigurationList;
			buildConfigurations = (
				92E0AE001DF468F000D26606 /* Debug */,
				92E0AE011DF468F000D26606 /* Release */,
			);
			defaultConfigurationIsVisible = 0;
			defaultConfigurationName = Release;
		};
		92E0AE021DF468F000D26606 /* Build configuration list for PBXNativeTarget "TapListUITests" */ = {
			isa = XCConfigurationList;
			buildConfigurations = (
				92E0AE031DF468F000D26606 /* Debug */,
				92E0AE041DF468F000D26606 /* Release */,
			);
			defaultConfigurationIsVisible = 0;
			defaultConfigurationName = Release;
		};
/* End XCConfigurationList section */

/* Begin XCVersionGroup section */
		92E0ADDB1DF468EF00D26606 /* TapList.xcdatamodeld */ = {
			isa = XCVersionGroup;
			children = (
				92E0ADDC1DF468EF00D26606 /* TapList.xcdatamodel */,
			);
			currentVersion = 92E0ADDC1DF468EF00D26606 /* TapList.xcdatamodel */;
			path = TapList.xcdatamodeld;
			sourceTree = "<group>";
			versionGroupType = wrapper.xcdatamodel;
		};
/* End XCVersionGroup section */
	};
	rootObject = 92E0ADC91DF468EF00D26606 /* Project object */;
}
